
Microsoft Visual Studio Solution File, Format Version 12.00
# Visual Studio 15
VisualStudioVersion = 15.0.27428.2037
MinimumVisualStudioVersion = 10.0.40219.1
Project("{FAE04EC0-301F-11D3-BF4B-00C04F79EFBC}") = "Index", "Index\Index.csproj", "{2074B233-25DE-46D0-B281-383621454D62}"
EndProject
Global
	GlobalSection(SolutionConfigurationPlatforms) = preSolution
		Debug|Any CPU = Debug|Any CPU
		Release|Any CPU = Release|Any CPU
	EndGlobalSection
	GlobalSection(ProjectConfigurationPlatforms) = postSolution
		{2074B233-25DE-46D0-B281-383621454D62}.Debug|Any CPU.ActiveCfg = Debug|Any CPU
		{2074B233-25DE-46D0-B281-383621454D62}.Debug|Any CPU.Build.0 = Debug|Any CPU
		{2074B233-25DE-46D0-B281-383621454D62}.Release|Any CPU.ActiveCfg = Release|Any CPU
		{2074B233-25DE-46D0-B281-383621454D62}.Release|Any CPU.Build.0 = Release|Any CPU
	EndGlobalSection
	GlobalSection(SolutionProperties) = preSolution
		HideSolutionNode = FALSE
	EndGlobalSection
	GlobalSection(ExtensibilityGlobals) = postSolution
		SolutionGuid = {B6C9F8D4-AC54-4322-BA88-86B661C9E378}
	EndGlobalSection
EndGlobal
